{"is_source_file": false, "format": "", "description": "", "external_files": [], "external_methods": [], "published": [], "classes": [], "methods": [], "calls": [], "search-terms": [], "state": 2, "file_id": 18, "knowledge_revision": 37, "git_revision": "d396d18a3f91f5e3f95d5266024b4563a013b244", "filename": "/home/kavia/workspace/code-generation/noteease-100395-100400/main_container_for_noteease/post_process_status.lock", "hash": "e9b4c3b42cef0193b7fddb548d37e652", "format-version": 4, "code-base-name": "default", "revision_history": [{"37": "d396d18a3f91f5e3f95d5266024b4563a013b244"}]}